<?xml version="1.0" encoding="utf-8"?>
<Project ToolsVersion="4.0" xmlns="http://schemas.microsoft.com/developer/msbuild/2003">
  <ItemGroup>
    <Filter Include="Source Files">
      <UniqueIdentifier>{4FC737F1-C7A5-4376-A066-2A32D752A2FF}</UniqueIdentifier>
      <Extensions>cpp;c;cc;cxx;def;odl;idl;hpj;bat;asm;asmx</Extensions>
    </Filter>
    <Filter Include="Header Files">
      <UniqueIdentifier>{93995380-89BD-4b04-88EB-625FBE52EBFB}</UniqueIdentifier>
      <Extensions>h;hh;hpp;hxx;hm;inl;inc;ipp;xsd</Extensions>
    </Filter>
    <Filter Include="Resource Files">
      <UniqueIdentifier>{67DA6AB6-F800-4c08-8B7A-83BB121AAD01}</UniqueIdentifier>
      <Extensions>rc;ico;cur;bmp;dlg;rc2;rct;bin;rgs;gif;jpg;jpeg;jpe;resx;tiff;tif;png;wav;mfcribbon-ms</Extensions>
    </Filter>
  </ItemGroup>
  <ItemGroup>
    <ClInclude Include="Source\Core.h">
      <Filter>Header Files</Filter>
    </ClInclude>
    <ClInclude Include="Source\Window\Window.h">
      <Filter>Header Files</Filter>
    </ClInclude>
    <ClInclude Include="CorePCH.h">
      <Filter>Header Files</Filter>
    </ClInclude>
    <ClInclude Include="Source\Leaf-Drop\Extern\Extern.h">
      <Filter>Header Files</Filter>
    </ClInclude>
    <ClInclude Include="Source\Leaf-Drop\Passes\Template\IRender.h">
      <Filter>Header Files</Filter>
    </ClInclude>
    <ClInclude Include="ExternalLibs\EASTL\include\EASTL\bonus\adaptors.h">
      <Filter>Header Files</Filter>
    </ClInclude>
    <ClInclude Include="ExternalLibs\EASTL\include\EASTL\bonus\call_traits.h">
      <Filter>Header Files</Filter>
    </ClInclude>
    <ClInclude Include="ExternalLibs\EASTL\include\EASTL\bonus\compressed_pair.h">
      <Filter>Header Files</Filter>
    </ClInclude>
    <ClInclude Include="ExternalLibs\EASTL\include\EASTL\bonus\fixed_ring_buffer.h">
      <Filter>Header Files</Filter>
    </ClInclude>
    <ClInclude Include="ExternalLibs\EASTL\include\EASTL\bonus\fixed_tuple_vector.h">
      <Filter>Header Files</Filter>
    </ClInclude>
    <ClInclude Include="ExternalLibs\EASTL\include\EASTL\bonus\intrusive_sdlist.h">
      <Filter>Header Files</Filter>
    </ClInclude>
    <ClInclude Include="ExternalLibs\EASTL\include\EASTL\bonus\intrusive_slist.h">
      <Filter>Header Files</Filter>
    </ClInclude>
    <ClInclude Include="ExternalLibs\EASTL\include\EASTL\bonus\list_map.h">
      <Filter>Header Files</Filter>
    </ClInclude>
    <ClInclude Include="ExternalLibs\EASTL\include\EASTL\bonus\ring_buffer.h">
      <Filter>Header Files</Filter>
    </ClInclude>
    <ClInclude Include="ExternalLibs\EASTL\include\EASTL\bonus\sort_extra.h">
      <Filter>Header Files</Filter>
    </ClInclude>
    <ClInclude Include="ExternalLibs\EASTL\include\EASTL\bonus\sparse_matrix.h">
      <Filter>Header Files</Filter>
    </ClInclude>
    <ClInclude Include="ExternalLibs\EASTL\include\EASTL\bonus\tuple_vector.h">
      <Filter>Header Files</Filter>
    </ClInclude>
    <ClInclude Include="ExternalLibs\EASTL\include\EASTL\internal\allocator_traits.h">
      <Filter>Header Files</Filter>
    </ClInclude>
    <ClInclude Include="ExternalLibs\EASTL\include\EASTL\internal\allocator_traits_fwd_decls.h">
      <Filter>Header Files</Filter>
    </ClInclude>
    <ClInclude Include="ExternalLibs\EASTL\include\EASTL\internal\char_traits.h">
      <Filter>Header Files</Filter>
    </ClInclude>
    <ClInclude Include="ExternalLibs\EASTL\include\EASTL\internal\config.h">
      <Filter>Header Files</Filter>
    </ClInclude>
    <ClInclude Include="ExternalLibs\EASTL\include\EASTL\internal\copy_help.h">
      <Filter>Header Files</Filter>
    </ClInclude>
    <ClInclude Include="ExternalLibs\EASTL\include\EASTL\internal\enable_shared.h">
      <Filter>Header Files</Filter>
    </ClInclude>
    <ClInclude Include="ExternalLibs\EASTL\include\EASTL\internal\fill_help.h">
      <Filter>Header Files</Filter>
    </ClInclude>
    <ClInclude Include="ExternalLibs\EASTL\include\EASTL\internal\fixed_pool.h">
      <Filter>Header Files</Filter>
    </ClInclude>
    <ClInclude Include="ExternalLibs\EASTL\include\EASTL\internal\function.h">
      <Filter>Header Files</Filter>
    </ClInclude>
    <ClInclude Include="ExternalLibs\EASTL\include\EASTL\internal\function_detail.h">
      <Filter>Header Files</Filter>
    </ClInclude>
    <ClInclude Include="ExternalLibs\EASTL\include\EASTL\internal\function_help.h">
      <Filter>Header Files</Filter>
    </ClInclude>
    <ClInclude Include="ExternalLibs\EASTL\include\EASTL\internal\functional_base.h">
      <Filter>Header Files</Filter>
    </ClInclude>
    <ClInclude Include="ExternalLibs\EASTL\include\EASTL\internal\generic_iterator.h">
      <Filter>Header Files</Filter>
    </ClInclude>
    <ClInclude Include="ExternalLibs\EASTL\include\EASTL\internal\hashtable.h">
      <Filter>Header Files</Filter>
    </ClInclude>
    <ClInclude Include="ExternalLibs\EASTL\include\EASTL\internal\in_place_t.h">
      <Filter>Header Files</Filter>
    </ClInclude>
    <ClInclude Include="ExternalLibs\EASTL\include\EASTL\internal\integer_sequence.h">
      <Filter>Header Files</Filter>
    </ClInclude>
    <ClInclude Include="ExternalLibs\EASTL\include\EASTL\internal\intrusive_hashtable.h">
      <Filter>Header Files</Filter>
    </ClInclude>
    <ClInclude Include="ExternalLibs\EASTL\include\EASTL\internal\mem_fn.h">
      <Filter>Header Files</Filter>
    </ClInclude>
    <ClInclude Include="ExternalLibs\EASTL\include\EASTL\internal\memory_base.h">
      <Filter>Header Files</Filter>
    </ClInclude>
    <ClInclude Include="ExternalLibs\EASTL\include\EASTL\internal\meta.h">
      <Filter>Header Files</Filter>
    </ClInclude>
    <ClInclude Include="ExternalLibs\EASTL\include\EASTL\internal\move_help.h">
      <Filter>Header Files</Filter>
    </ClInclude>
    <ClInclude Include="ExternalLibs\EASTL\include\EASTL\internal\pair_fwd_decls.h">
      <Filter>Header Files</Filter>
    </ClInclude>
    <ClInclude Include="ExternalLibs\EASTL\include\EASTL\internal\piecewise_construct_t.h">
      <Filter>Header Files</Filter>
    </ClInclude>
    <ClInclude Include="ExternalLibs\EASTL\include\EASTL\internal\red_black_tree.h">
      <Filter>Header Files</Filter>
    </ClInclude>
    <ClInclude Include="ExternalLibs\EASTL\include\EASTL\internal\smart_ptr.h">
      <Filter>Header Files</Filter>
    </ClInclude>
    <ClInclude Include="ExternalLibs\EASTL\include\EASTL\internal\thread_support.h">
      <Filter>Header Files</Filter>
    </ClInclude>
    <ClInclude Include="ExternalLibs\EASTL\include\EASTL\internal\tuple_fwd_decls.h">
      <Filter>Header Files</Filter>
    </ClInclude>
    <ClInclude Include="ExternalLibs\EASTL\include\EASTL\internal\type_compound.h">
      <Filter>Header Files</Filter>
    </ClInclude>
    <ClInclude Include="ExternalLibs\EASTL\include\EASTL\internal\type_fundamental.h">
      <Filter>Header Files</Filter>
    </ClInclude>
    <ClInclude Include="ExternalLibs\EASTL\include\EASTL\internal\type_pod.h">
      <Filter>Header Files</Filter>
    </ClInclude>
    <ClInclude Include="ExternalLibs\EASTL\include\EASTL\internal\type_properties.h">
      <Filter>Header Files</Filter>
    </ClInclude>
    <ClInclude Include="ExternalLibs\EASTL\include\EASTL\internal\type_transformations.h">
      <Filter>Header Files</Filter>
    </ClInclude>
    <ClInclude Include="ExternalLibs\EASTL\include\EASTL\algorithm.h">
      <Filter>Header Files</Filter>
    </ClInclude>
    <ClInclude Include="ExternalLibs\EASTL\include\EASTL\allocator.h">
      <Filter>Header Files</Filter>
    </ClInclude>
    <ClInclude Include="ExternalLibs\EASTL\include\EASTL\allocator_malloc.h">
      <Filter>Header Files</Filter>
    </ClInclude>
    <ClInclude Include="ExternalLibs\EASTL\include\EASTL\any.h">
      <Filter>Header Files</Filter>
    </ClInclude>
    <ClInclude Include="ExternalLibs\EASTL\include\EASTL\array.h">
      <Filter>Header Files</Filter>
    </ClInclude>
    <ClInclude Include="ExternalLibs\EASTL\include\EASTL\bitset.h">
      <Filter>Header Files</Filter>
    </ClInclude>
    <ClInclude Include="ExternalLibs\EASTL\include\EASTL\bitvector.h">
      <Filter>Header Files</Filter>
    </ClInclude>
    <ClInclude Include="ExternalLibs\EASTL\include\EASTL\chrono.h">
      <Filter>Header Files</Filter>
    </ClInclude>
    <ClInclude Include="ExternalLibs\EASTL\include\EASTL\core_allocator.h">
      <Filter>Header Files</Filter>
    </ClInclude>
    <ClInclude Include="ExternalLibs\EASTL\include\EASTL\core_allocator_adapter.h">
      <Filter>Header Files</Filter>
    </ClInclude>
    <ClInclude Include="ExternalLibs\EASTL\include\EASTL\deque.h">
      <Filter>Header Files</Filter>
    </ClInclude>
    <ClInclude Include="ExternalLibs\EASTL\include\EASTL\fixed_allocator.h">
      <Filter>Header Files</Filter>
    </ClInclude>
    <ClInclude Include="ExternalLibs\EASTL\include\EASTL\fixed_function.h">
      <Filter>Header Files</Filter>
    </ClInclude>
    <ClInclude Include="ExternalLibs\EASTL\include\EASTL\fixed_hash_map.h">
      <Filter>Header Files</Filter>
    </ClInclude>
    <ClInclude Include="ExternalLibs\EASTL\include\EASTL\fixed_hash_set.h">
      <Filter>Header Files</Filter>
    </ClInclude>
    <ClInclude Include="ExternalLibs\EASTL\include\EASTL\fixed_list.h">
      <Filter>Header Files</Filter>
    </ClInclude>
    <ClInclude Include="ExternalLibs\EASTL\include\EASTL\fixed_map.h">
      <Filter>Header Files</Filter>
    </ClInclude>
    <ClInclude Include="ExternalLibs\EASTL\include\EASTL\fixed_set.h">
      <Filter>Header Files</Filter>
    </ClInclude>
    <ClInclude Include="ExternalLibs\EASTL\include\EASTL\fixed_slist.h">
      <Filter>Header Files</Filter>
    </ClInclude>
    <ClInclude Include="ExternalLibs\EASTL\include\EASTL\fixed_string.h">
      <Filter>Header Files</Filter>
    </ClInclude>
    <ClInclude Include="ExternalLibs\EASTL\include\EASTL\fixed_substring.h">
      <Filter>Header Files</Filter>
    </ClInclude>
    <ClInclude Include="ExternalLibs\EASTL\include\EASTL\fixed_vector.h">
      <Filter>Header Files</Filter>
    </ClInclude>
    <ClInclude Include="ExternalLibs\EASTL\include\EASTL\functional.h">
      <Filter>Header Files</Filter>
    </ClInclude>
    <ClInclude Include="ExternalLibs\EASTL\include\EASTL\hash_map.h">
      <Filter>Header Files</Filter>
    </ClInclude>
    <ClInclude Include="ExternalLibs\EASTL\include\EASTL\hash_set.h">
      <Filter>Header Files</Filter>
    </ClInclude>
    <ClInclude Include="ExternalLibs\EASTL\include\EASTL\heap.h">
      <Filter>Header Files</Filter>
    </ClInclude>
    <ClInclude Include="ExternalLibs\EASTL\include\EASTL\initializer_list.h">
      <Filter>Header Files</Filter>
    </ClInclude>
    <ClInclude Include="ExternalLibs\EASTL\include\EASTL\intrusive_hash_map.h">
      <Filter>Header Files</Filter>
    </ClInclude>
    <ClInclude Include="ExternalLibs\EASTL\include\EASTL\intrusive_hash_set.h">
      <Filter>Header Files</Filter>
    </ClInclude>
    <ClInclude Include="ExternalLibs\EASTL\include\EASTL\intrusive_list.h">
      <Filter>Header Files</Filter>
    </ClInclude>
    <ClInclude Include="ExternalLibs\EASTL\include\EASTL\intrusive_ptr.h">
      <Filter>Header Files</Filter>
    </ClInclude>
    <ClInclude Include="ExternalLibs\EASTL\include\EASTL\iterator.h">
      <Filter>Header Files</Filter>
    </ClInclude>
    <ClInclude Include="ExternalLibs\EASTL\include\EASTL\linked_array.h">
      <Filter>Header Files</Filter>
    </ClInclude>
    <ClInclude Include="ExternalLibs\EASTL\include\EASTL\linked_ptr.h">
      <Filter>Header Files</Filter>
    </ClInclude>
    <ClInclude Include="ExternalLibs\EASTL\include\EASTL\list.h">
      <Filter>Header Files</Filter>
    </ClInclude>
    <ClInclude Include="ExternalLibs\EASTL\include\EASTL\map.h">
      <Filter>Header Files</Filter>
    </ClInclude>
    <ClInclude Include="ExternalLibs\EASTL\include\EASTL\memory.h">
      <Filter>Header Files</Filter>
    </ClInclude>
    <ClInclude Include="ExternalLibs\EASTL\include\EASTL\meta.h">
      <Filter>Header Files</Filter>
    </ClInclude>
    <ClInclude Include="ExternalLibs\EASTL\include\EASTL\numeric.h">
      <Filter>Header Files</Filter>
    </ClInclude>
    <ClInclude Include="ExternalLibs\EASTL\include\EASTL\numeric_limits.h">
      <Filter>Header Files</Filter>
    </ClInclude>
    <ClInclude Include="ExternalLibs\EASTL\include\EASTL\optional.h">
      <Filter>Header Files</Filter>
    </ClInclude>
    <ClInclude Include="ExternalLibs\EASTL\include\EASTL\priority_queue.h">
      <Filter>Header Files</Filter>
    </ClInclude>
    <ClInclude Include="ExternalLibs\EASTL\include\EASTL\queue.h">
      <Filter>Header Files</Filter>
    </ClInclude>
    <ClInclude Include="ExternalLibs\EASTL\include\EASTL\random.h">
      <Filter>Header Files</Filter>
    </ClInclude>
    <ClInclude Include="ExternalLibs\EASTL\include\EASTL\ratio.h">
      <Filter>Header Files</Filter>
    </ClInclude>
    <ClInclude Include="ExternalLibs\EASTL\include\EASTL\safe_ptr.h">
      <Filter>Header Files</Filter>
    </ClInclude>
    <ClInclude Include="ExternalLibs\EASTL\include\EASTL\scoped_array.h">
      <Filter>Header Files</Filter>
    </ClInclude>
    <ClInclude Include="ExternalLibs\EASTL\include\EASTL\scoped_ptr.h">
      <Filter>Header Files</Filter>
    </ClInclude>
    <ClInclude Include="ExternalLibs\EASTL\include\EASTL\segmented_vector.h">
      <Filter>Header Files</Filter>
    </ClInclude>
    <ClInclude Include="ExternalLibs\EASTL\include\EASTL\set.h">
      <Filter>Header Files</Filter>
    </ClInclude>
    <ClInclude Include="ExternalLibs\EASTL\include\EASTL\shared_array.h">
      <Filter>Header Files</Filter>
    </ClInclude>
    <ClInclude Include="ExternalLibs\EASTL\include\EASTL\shared_ptr.h">
      <Filter>Header Files</Filter>
    </ClInclude>
    <ClInclude Include="ExternalLibs\EASTL\include\EASTL\slist.h">
      <Filter>Header Files</Filter>
    </ClInclude>
    <ClInclude Include="ExternalLibs\EASTL\include\EASTL\sort.h">
      <Filter>Header Files</Filter>
    </ClInclude>
    <ClInclude Include="ExternalLibs\EASTL\include\EASTL\span.h">
      <Filter>Header Files</Filter>
    </ClInclude>
    <ClInclude Include="ExternalLibs\EASTL\include\EASTL\stack.h">
      <Filter>Header Files</Filter>
    </ClInclude>
    <ClInclude Include="ExternalLibs\EASTL\include\EASTL\string.h">
      <Filter>Header Files</Filter>
    </ClInclude>
    <ClInclude Include="ExternalLibs\EASTL\include\EASTL\string_hash_map.h">
      <Filter>Header Files</Filter>
    </ClInclude>
    <ClInclude Include="ExternalLibs\EASTL\include\EASTL\string_map.h">
      <Filter>Header Files</Filter>
    </ClInclude>
    <ClInclude Include="ExternalLibs\EASTL\include\EASTL\string_view.h">
      <Filter>Header Files</Filter>
    </ClInclude>
    <ClInclude Include="ExternalLibs\EASTL\include\EASTL\tuple.h">
      <Filter>Header Files</Filter>
    </ClInclude>
    <ClInclude Include="ExternalLibs\EASTL\include\EASTL\type_traits.h">
      <Filter>Header Files</Filter>
    </ClInclude>
    <ClInclude Include="ExternalLibs\EASTL\include\EASTL\unique_ptr.h">
      <Filter>Header Files</Filter>
    </ClInclude>
    <ClInclude Include="ExternalLibs\EASTL\include\EASTL\unordered_map.h">
      <Filter>Header Files</Filter>
    </ClInclude>
    <ClInclude Include="ExternalLibs\EASTL\include\EASTL\unordered_set.h">
      <Filter>Header Files</Filter>
    </ClInclude>
    <ClInclude Include="ExternalLibs\EASTL\include\EASTL\utility.h">
      <Filter>Header Files</Filter>
    </ClInclude>
    <ClInclude Include="ExternalLibs\EASTL\include\EASTL\variant.h">
      <Filter>Header Files</Filter>
    </ClInclude>
    <ClInclude Include="ExternalLibs\EASTL\include\EASTL\weak_ptr.h">
      <Filter>Header Files</Filter>
    </ClInclude>
    <ClInclude Include="ExternalLibs\EASTL\include\EASTL\vector.h">
      <Filter>Header Files</Filter>
    </ClInclude>
    <ClInclude Include="ExternalLibs\EASTL\include\EASTL\vector_map.h">
      <Filter>Header Files</Filter>
    </ClInclude>
    <ClInclude Include="ExternalLibs\EASTL\include\EASTL\vector_multimap.h">
      <Filter>Header Files</Filter>
    </ClInclude>
    <ClInclude Include="ExternalLibs\EASTL\include\EASTL\vector_multiset.h">
      <Filter>Header Files</Filter>
    </ClInclude>
    <ClInclude Include="ExternalLibs\EASTL\include\EASTL\vector_set.h">
      <Filter>Header Files</Filter>
    </ClInclude>
    <ClInclude Include="ExternalLibs\EASTL\include\EASTL\version.h">
      <Filter>Header Files</Filter>
    </ClInclude>
    <ClInclude Include="ExternalLibs\EASTL\include\EABase\config\eacompiler.h">
      <Filter>Header Files</Filter>
    </ClInclude>
    <ClInclude Include="ExternalLibs\EASTL\include\EABase\config\eacompilertraits.h">
      <Filter>Header Files</Filter>
    </ClInclude>
    <ClInclude Include="ExternalLibs\EASTL\include\EABase\config\eaplatform.h">
      <Filter>Header Files</Filter>
    </ClInclude>
    <ClInclude Include="ExternalLibs\EASTL\include\EABase\eabase.h">
      <Filter>Header Files</Filter>
    </ClInclude>
    <ClInclude Include="ExternalLibs\EASTL\include\EABase\eahave.h">
      <Filter>Header Files</Filter>
    </ClInclude>
    <ClInclude Include="ExternalLibs\EASTL\include\EABase\earesult.h">
      <Filter>Header Files</Filter>
    </ClInclude>
    <ClInclude Include="ExternalLibs\EASTL\include\EABase\eastdarg.h">
      <Filter>Header Files</Filter>
    </ClInclude>
    <ClInclude Include="ExternalLibs\EASTL\include\EABase\eaunits.h">
      <Filter>Header Files</Filter>
    </ClInclude>
    <ClInclude Include="ExternalLibs\EASTL\include\EABase\int128.h">
      <Filter>Header Files</Filter>
    </ClInclude>
    <ClInclude Include="ExternalLibs\EASTL\include\EABase\nullptr.h">
      <Filter>Header Files</Filter>
    </ClInclude>
    <ClInclude Include="ExternalLibs\EASTL\include\EABase\version.h">
      <Filter>Header Files</Filter>
    </ClInclude>
    <ClInclude Include="ExternalLibs\EASTL\include\EAAssert\eaassert.h">
      <Filter>Header Files</Filter>
    </ClInclude>
    <ClInclude Include="ExternalLibs\EASTL\include\EAMain\EAMain.h">
      <Filter>Header Files</Filter>
    </ClInclude>
    <ClInclude Include="ExternalLibs\EASTL\include\EAStdC\EAAlignment.h">
      <Filter>Header Files</Filter>
    </ClInclude>
    <ClInclude Include="ExternalLibs\EASTL\include\EAStdC\EADateTime.h">
      <Filter>Header Files</Filter>
    </ClInclude>
    <ClInclude Include="ExternalLibs\EASTL\include\EAStdC\EAMemory.h">
      <Filter>Header Files</Filter>
    </ClInclude>
    <ClInclude Include="ExternalLibs\EASTL\include\EAStdC\EAProcess.h">
      <Filter>Header Files</Filter>
    </ClInclude>
    <ClInclude Include="ExternalLibs\EASTL\include\EAStdC\EASprintf.h">
      <Filter>Header Files</Filter>
    </ClInclude>
    <ClInclude Include="ExternalLibs\EASTL\include\EAStdC\EAStopwatch.h">
      <Filter>Header Files</Filter>
    </ClInclude>
    <ClInclude Include="ExternalLibs\EASTL\include\EAStdC\EAString.h">
      <Filter>Header Files</Filter>
    </ClInclude>
    <ClInclude Include="ExternalLibs\EASTL\include\EAStdC\EATextUtil.h">
      <Filter>Header Files</Filter>
    </ClInclude>
    <ClInclude Include="ExternalLibs\EASTL\include\eathread\eathread.h">
      <Filter>Header Files</Filter>
    </ClInclude>
    <ClInclude Include="ExternalLibs\EASTL\include\eathread\eathread_atomic.h">
      <Filter>Header Files</Filter>
    </ClInclude>
    <ClInclude Include="ExternalLibs\EASTL\include\eathread\eathread_thread.h">
      <Filter>Header Files</Filter>
    </ClInclude>
    <ClInclude Include="Source\Leaf-Drop\Passes\GeometryPass.h">
      <Filter>Header Files</Filter>
    </ClInclude>
    <ClInclude Include="Source\Leaf-Drop\Objects\Drawable.h">
      <Filter>Header Files</Filter>
    </ClInclude>
    <ClInclude Include="Source\Leaf-Drop\Objects\Transform.h">
      <Filter>Header Files</Filter>
    </ClInclude>
    <ClInclude Include="Source\Leaf-Drop\Objects\StaticMesh.h">
      <Filter>Header Files</Filter>
    </ClInclude>
    <ClInclude Include="ExternalLibs\AssImp\include\assimp\Compiler\poppack1.h">
      <Filter>Header Files</Filter>
    </ClInclude>
    <ClInclude Include="ExternalLibs\AssImp\include\assimp\Compiler\pstdint.h">
      <Filter>Header Files</Filter>
    </ClInclude>
    <ClInclude Include="ExternalLibs\AssImp\include\assimp\Compiler\pushpack1.h">
      <Filter>Header Files</Filter>
    </ClInclude>
    <ClInclude Include="ExternalLibs\AssImp\include\assimp\port\AndroidJNI\AndroidJNIIOSystem.h">
      <Filter>Header Files</Filter>
    </ClInclude>
    <ClInclude Include="ExternalLibs\AssImp\include\assimp\ai_assert.h">
      <Filter>Header Files</Filter>
    </ClInclude>
    <ClInclude Include="ExternalLibs\AssImp\include\assimp\anim.h">
      <Filter>Header Files</Filter>
    </ClInclude>
    <ClInclude Include="ExternalLibs\AssImp\include\assimp\camera.h">
      <Filter>Header Files</Filter>
    </ClInclude>
    <ClInclude Include="ExternalLibs\AssImp\include\assimp\cexport.h">
      <Filter>Header Files</Filter>
    </ClInclude>
    <ClInclude Include="ExternalLibs\AssImp\include\assimp\cfileio.h">
      <Filter>Header Files</Filter>
    </ClInclude>
    <ClInclude Include="ExternalLibs\AssImp\include\assimp\cimport.h">
      <Filter>Header Files</Filter>
    </ClInclude>
    <ClInclude Include="ExternalLibs\AssImp\include\assimp\color4.h">
      <Filter>Header Files</Filter>
    </ClInclude>
    <ClInclude Include="ExternalLibs\AssImp\include\assimp\DefaultIOStream.h">
      <Filter>Header Files</Filter>
    </ClInclude>
    <ClInclude Include="ExternalLibs\AssImp\include\assimp\DefaultIOSystem.h">
      <Filter>Header Files</Filter>
    </ClInclude>
    <ClInclude Include="ExternalLibs\AssImp\include\assimp\DefaultLogger.hpp">
      <Filter>Header Files</Filter>
    </ClInclude>
    <ClInclude Include="ExternalLibs\AssImp\include\assimp\Defines.h">
      <Filter>Header Files</Filter>
    </ClInclude>
    <ClInclude Include="ExternalLibs\AssImp\include\assimp\defs.h">
      <Filter>Header Files</Filter>
    </ClInclude>
    <ClInclude Include="ExternalLibs\AssImp\include\assimp\Exporter.hpp">
      <Filter>Header Files</Filter>
    </ClInclude>
    <ClInclude Include="ExternalLibs\AssImp\include\assimp\Importer.hpp">
      <Filter>Header Files</Filter>
    </ClInclude>
    <ClInclude Include="ExternalLibs\AssImp\include\assimp\importerdesc.h">
      <Filter>Header Files</Filter>
    </ClInclude>
    <ClInclude Include="ExternalLibs\AssImp\include\assimp\IOStream.hpp">
      <Filter>Header Files</Filter>
    </ClInclude>
    <ClInclude Include="ExternalLibs\AssImp\include\assimp\IOSystem.hpp">
      <Filter>Header Files</Filter>
    </ClInclude>
    <ClInclude Include="ExternalLibs\AssImp\include\assimp\light.h">
      <Filter>Header Files</Filter>
    </ClInclude>
    <ClInclude Include="ExternalLibs\AssImp\include\assimp\Logger.hpp">
      <Filter>Header Files</Filter>
    </ClInclude>
    <ClInclude Include="ExternalLibs\AssImp\include\assimp\LogStream.hpp">
      <Filter>Header Files</Filter>
    </ClInclude>
    <ClInclude Include="ExternalLibs\AssImp\include\assimp\material.h">
      <Filter>Header Files</Filter>
    </ClInclude>
    <ClInclude Include="ExternalLibs\AssImp\include\assimp\matrix3x3.h">
      <Filter>Header Files</Filter>
    </ClInclude>
    <ClInclude Include="ExternalLibs\AssImp\include\assimp\matrix4x4.h">
      <Filter>Header Files</Filter>
    </ClInclude>
    <ClInclude Include="ExternalLibs\AssImp\include\assimp\mesh.h">
      <Filter>Header Files</Filter>
    </ClInclude>
    <ClInclude Include="ExternalLibs\AssImp\include\assimp\metadata.h">
      <Filter>Header Files</Filter>
    </ClInclude>
    <ClInclude Include="ExternalLibs\AssImp\include\assimp\NullLogger.hpp">
      <Filter>Header Files</Filter>
    </ClInclude>
    <ClInclude Include="ExternalLibs\AssImp\include\assimp\postprocess.h">
      <Filter>Header Files</Filter>
    </ClInclude>
    <ClInclude Include="ExternalLibs\AssImp\include\assimp\ProgressHandler.hpp">
      <Filter>Header Files</Filter>
    </ClInclude>
    <ClInclude Include="ExternalLibs\AssImp\include\assimp\quaternion.h">
      <Filter>Header Files</Filter>
    </ClInclude>
    <ClInclude Include="ExternalLibs\AssImp\include\assimp\scene.h">
      <Filter>Header Files</Filter>
    </ClInclude>
    <ClInclude Include="ExternalLibs\AssImp\include\assimp\SceneCombiner.h">
      <Filter>Header Files</Filter>
    </ClInclude>
    <ClInclude Include="ExternalLibs\AssImp\include\assimp\texture.h">
      <Filter>Header Files</Filter>
    </ClInclude>
    <ClInclude Include="ExternalLibs\AssImp\include\assimp\types.h">
      <Filter>Header Files</Filter>
    </ClInclude>
    <ClInclude Include="ExternalLibs\AssImp\include\assimp\vector2.h">
      <Filter>Header Files</Filter>
    </ClInclude>
    <ClInclude Include="ExternalLibs\AssImp\include\assimp\vector3.h">
      <Filter>Header Files</Filter>
    </ClInclude>
    <ClInclude Include="ExternalLibs\AssImp\include\assimp\version.h">
      <Filter>Header Files</Filter>
    </ClInclude>
    <ClInclude Include="ExternalLibs\AssImp\include\assimp\config.h">
      <Filter>Header Files</Filter>
    </ClInclude>
    <ClInclude Include="Source\Leaf-Drop\Utillity\Timer.h">
      <Filter>Header Files</Filter>
    </ClInclude>
    <ClInclude Include="Source\Leaf-Drop\Wrappers\RenderTarget.h">
      <Filter>Header Files</Filter>
    </ClInclude>
    <ClInclude Include="Source\Leaf-Drop\Wrappers\RenderingHelpClass.h">
      <Filter>Header Files</Filter>
    </ClInclude>
    <ClInclude Include="Source\Leaf-Drop\Wrappers\ShaderCreator.h">
      <Filter>Header Files</Filter>
    </ClInclude>
    <ClInclude Include="Source\Leaf-Drop\Wrappers\d3dx12.h">
      <Filter>Header Files</Filter>
    </ClInclude>
    <ClInclude Include="Source\Leaf-Drop\Wrappers\ConstantBuffer.h">
      <Filter>Header Files</Filter>
    </ClInclude>
    <ClInclude Include="Source\Leaf-Drop\CoreRender.h">
      <Filter>Header Files</Filter>
    </ClInclude>
    <ClInclude Include="ExternalLibs\DirectXTK\Inc\WICTextureLoader.h">
      <Filter>Header Files</Filter>
    </ClInclude>
    <ClInclude Include="ExternalLibs\DirectXTK\Inc\Audio.h">
      <Filter>Header Files</Filter>
    </ClInclude>
    <ClInclude Include="ExternalLibs\DirectXTK\Inc\CommonStates.h">
      <Filter>Header Files</Filter>
    </ClInclude>
    <ClInclude Include="ExternalLibs\DirectXTK\Inc\DDSTextureLoader.h">
      <Filter>Header Files</Filter>
    </ClInclude>
    <ClInclude Include="ExternalLibs\DirectXTK\Inc\DescriptorHeap.h">
      <Filter>Header Files</Filter>
    </ClInclude>
    <ClInclude Include="ExternalLibs\DirectXTK\Inc\DirectXHelpers.h">
      <Filter>Header Files</Filter>
    </ClInclude>
    <ClInclude Include="ExternalLibs\DirectXTK\Inc\EffectPipelineStateDescription.h">
      <Filter>Header Files</Filter>
    </ClInclude>
    <ClInclude Include="ExternalLibs\DirectXTK\Inc\Effects.h">
      <Filter>Header Files</Filter>
    </ClInclude>
    <ClInclude Include="ExternalLibs\DirectXTK\Inc\GamePad.h">
      <Filter>Header Files</Filter>
    </ClInclude>
    <ClInclude Include="ExternalLibs\DirectXTK\Inc\GeometricPrimitive.h">
      <Filter>Header Files</Filter>
    </ClInclude>
    <ClInclude Include="ExternalLibs\DirectXTK\Inc\GraphicsMemory.h">
      <Filter>Header Files</Filter>
    </ClInclude>
    <ClInclude Include="ExternalLibs\DirectXTK\Inc\Keyboard.h">
      <Filter>Header Files</Filter>
    </ClInclude>
    <ClInclude Include="ExternalLibs\DirectXTK\Inc\Model.h">
      <Filter>Header Files</Filter>
    </ClInclude>
    <ClInclude Include="ExternalLibs\DirectXTK\Inc\Mouse.h">
      <Filter>Header Files</Filter>
    </ClInclude>
    <ClInclude Include="ExternalLibs\DirectXTK\Inc\PostProcess.h">
      <Filter>Header Files</Filter>
    </ClInclude>
    <ClInclude Include="ExternalLibs\DirectXTK\Inc\PrimitiveBatch.h">
      <Filter>Header Files</Filter>
    </ClInclude>
    <ClInclude Include="ExternalLibs\DirectXTK\Inc\RenderTargetState.h">
      <Filter>Header Files</Filter>
    </ClInclude>
    <ClInclude Include="ExternalLibs\DirectXTK\Inc\ResourceUploadBatch.h">
      <Filter>Header Files</Filter>
    </ClInclude>
    <ClInclude Include="ExternalLibs\DirectXTK\Inc\ScreenGrab.h">
      <Filter>Header Files</Filter>
    </ClInclude>
    <ClInclude Include="ExternalLibs\DirectXTK\Inc\SimpleMath.h">
      <Filter>Header Files</Filter>
    </ClInclude>
    <ClInclude Include="ExternalLibs\DirectXTK\Inc\SpriteBatch.h">
      <Filter>Header Files</Filter>
    </ClInclude>
    <ClInclude Include="ExternalLibs\DirectXTK\Inc\SpriteFont.h">
      <Filter>Header Files</Filter>
    </ClInclude>
    <ClInclude Include="ExternalLibs\DirectXTK\Inc\VertexTypes.h">
      <Filter>Header Files</Filter>
    </ClInclude>
    <ClInclude Include="ExternalLibs\DirectXTK\Src\AlignedNew.h">
      <Filter>Header Files</Filter>
    </ClInclude>
    <ClInclude Include="ExternalLibs\DirectXTK\Src\Bezier.h">
      <Filter>Header Files</Filter>
    </ClInclude>
    <ClInclude Include="ExternalLibs\DirectXTK\Src\BinaryReader.h">
      <Filter>Header Files</Filter>
    </ClInclude>
    <ClInclude Include="ExternalLibs\DirectXTK\Src\d3dx12.h">
      <Filter>Header Files</Filter>
    </ClInclude>
    <ClInclude Include="ExternalLibs\DirectXTK\Src\dds.h">
      <Filter>Header Files</Filter>
    </ClInclude>
    <ClInclude Include="ExternalLibs\DirectXTK\Src\DemandCreate.h">
      <Filter>Header Files</Filter>
    </ClInclude>
    <ClInclude Include="ExternalLibs\DirectXTK\Src\EffectCommon.h">
      <Filter>Header Files</Filter>
    </ClInclude>
    <ClInclude Include="ExternalLibs\DirectXTK\Src\Geometry.h">
      <Filter>Header Files</Filter>
    </ClInclude>
    <ClInclude Include="ExternalLibs\DirectXTK\Src\LinearAllocator.h">
      <Filter>Header Files</Filter>
    </ClInclude>
    <ClInclude Include="ExternalLibs\DirectXTK\Src\LoaderHelpers.h">
      <Filter>Header Files</Filter>
    </ClInclude>
    <ClInclude Include="ExternalLibs\DirectXTK\Src\pch.h">
      <Filter>Header Files</Filter>
    </ClInclude>
    <ClInclude Include="ExternalLibs\DirectXTK\Src\PlatformHelpers.h">
      <Filter>Header Files</Filter>
    </ClInclude>
    <ClInclude Include="ExternalLibs\DirectXTK\Src\SDKMesh.h">
      <Filter>Header Files</Filter>
    </ClInclude>
    <ClInclude Include="ExternalLibs\DirectXTK\Src\SharedResourcePool.h">
      <Filter>Header Files</Filter>
    </ClInclude>
    <ClInclude Include="ExternalLibs\DirectXTK\Src\vbo.h">
      <Filter>Header Files</Filter>
    </ClInclude>
    <ClInclude Include="Source\Leaf-Drop\Objects\Texture.h">
      <Filter>Header Files</Filter>
    </ClInclude>
    <ClInclude Include="Source\Leaf-Drop\Wrappers\DepthBuffer.h">
      <Filter>Header Files</Filter>
    </ClInclude>
    <ClInclude Include="Source\Leaf-Drop\Objects\Camera.h">
      <Filter>Header Files</Filter>
    </ClInclude>
    <ClInclude Include="Source\Leaf-Drop\Passes\DeferredPass.h">
      <Filter>Header Files</Filter>
    </ClInclude>
    <ClInclude Include="Source\Leaf-Drop\Passes\ComputePass.h">
      <Filter>Header Files</Filter>
    </ClInclude>
    <ClInclude Include="Source\Leaf-Drop\Wrappers\UAV.h">
      <Filter>Header Files</Filter>
    </ClInclude>
    <ClInclude Include="Source\Leaf-Drop\Wrappers\ShaderResource.h">
      <Filter>Header Files</Filter>
    </ClInclude>
    <ClInclude Include="Source\Leaf-Drop\Wrappers\Fence.h">
      <Filter>Header Files</Filter>
    </ClInclude>
    <ClInclude Include="Source\Leaf-Drop\Objects\Lights\Template\ILight.h">
      <Filter>Header Files</Filter>
    </ClInclude>
    <ClInclude Include="Source\Leaf-Drop\Objects\Lights\DirectionalLight.h">
      <Filter>Header Files</Filter>
    </ClInclude>
    <ClInclude Include="Source\Leaf-Drop\Objects\Lights\PointLight.h">
      <Filter>Header Files</Filter>
    </ClInclude>
    <ClInclude Include="Source\Leaf-Drop\Wrappers\GpuTimer.h">
      <Filter>Header Files</Filter>
    </ClInclude>
    <ClInclude Include="Source\Leaf-Drop\Wrappers\TextureAtlas.h">
      <Filter>Header Files</Filter>
    </ClInclude>
    <ClInclude Include="Source\Leaf-Drop\Passes\PrePass.h">
      <Filter>Header Files</Filter>
    </ClInclude>
    <ClInclude Include="Source\Leaf-Drop\Objects\OcTree.h">
      <Filter>Header Files</Filter>
    </ClInclude>
    <ClInclude Include="Source\Leaf-Drop\Wrappers\CPUBuffer.h">
      <Filter>Header Files</Filter>
    </ClInclude>
    <ClInclude Include="Source\Leaf-Drop\Wrappers\CpuTimer.h">
      <Filter>Header Files</Filter>
    </ClInclude>
    <ClInclude Include="Source\Leaf-Drop\Passes\UpdatePass.h">
      <Filter>Header Files</Filter>
    </ClInclude>
    <ClInclude Include="Source\Leaf-Drop\Passes\RayDefinePass.h">
      <Filter>Header Files</Filter>
    </ClInclude>
    <ClInclude Include="Source\Leaf-Drop\Utillity\GpuTimer2.h">
      <Filter>Header Files</Filter>
    </ClInclude>
  </ItemGroup>
  <ItemGroup>
    <ClCompile Include="Source\Core.cpp">
      <Filter>Source Files</Filter>
    </ClCompile>
    <ClCompile Include="Source\Window\Window.cpp">
      <Filter>Source Files</Filter>
    </ClCompile>
    <ClCompile Include="CorePCH.cpp">
      <Filter>Source Files</Filter>
    </ClCompile>
    <ClCompile Include="Source\Leaf-Drop\Passes\Template\IRender.cpp">
      <Filter>Source Files</Filter>
    </ClCompile>
    <ClCompile Include="Source\Leaf-Drop\Passes\GeometryPass.cpp">
      <Filter>Source Files</Filter>
    </ClCompile>
    <ClCompile Include="Source\Leaf-Drop\Objects\Drawable.cpp">
      <Filter>Source Files</Filter>
    </ClCompile>
    <ClCompile Include="Source\Leaf-Drop\Objects\Transform.cpp">
      <Filter>Source Files</Filter>
    </ClCompile>
    <ClCompile Include="Source\Leaf-Drop\Objects\StaticMesh.cpp">
      <Filter>Source Files</Filter>
    </ClCompile>
    <ClCompile Include="Source\Leaf-Drop\Wrappers\RenderTarget.cpp">
      <Filter>Source Files</Filter>
    </ClCompile>
    <ClCompile Include="Source\Leaf-Drop\Wrappers\RenderingHelpClass.cpp">
      <Filter>Source Files</Filter>
    </ClCompile>
    <ClCompile Include="Source\Leaf-Drop\CoreRender.cpp">
      <Filter>Source Files</Filter>
    </ClCompile>
    <ClCompile Include="Source\Leaf-Drop\Wrappers\ConstantBuffer.cpp">
      <Filter>Source Files</Filter>
    </ClCompile>
    <ClCompile Include="ExternalLibs\DirectXTK\Src\WICTextureLoader.cpp">
      <Filter>Source Files</Filter>
    </ClCompile>
    <ClCompile Include="ExternalLibs\DirectXTK\Src\AlphaTestEffect.cpp">
      <Filter>Source Files</Filter>
    </ClCompile>
    <ClCompile Include="ExternalLibs\DirectXTK\Src\BasicEffect.cpp">
      <Filter>Source Files</Filter>
    </ClCompile>
    <ClCompile Include="ExternalLibs\DirectXTK\Src\BasicPostProcess.cpp">
      <Filter>Source Files</Filter>
    </ClCompile>
    <ClCompile Include="ExternalLibs\DirectXTK\Src\BinaryReader.cpp">
      <Filter>Source Files</Filter>
    </ClCompile>
    <ClCompile Include="ExternalLibs\DirectXTK\Src\CommonStates.cpp">
      <Filter>Source Files</Filter>
    </ClCompile>
    <ClCompile Include="ExternalLibs\DirectXTK\Src\DDSTextureLoader.cpp">
      <Filter>Source Files</Filter>
    </ClCompile>
    <ClCompile Include="ExternalLibs\DirectXTK\Src\DebugEffect.cpp">
      <Filter>Source Files</Filter>
    </ClCompile>
    <ClCompile Include="ExternalLibs\DirectXTK\Src\DescriptorHeap.cpp">
      <Filter>Source Files</Filter>
    </ClCompile>
    <ClCompile Include="ExternalLibs\DirectXTK\Src\DirectXHelpers.cpp">
      <Filter>Source Files</Filter>
    </ClCompile>
    <ClCompile Include="ExternalLibs\DirectXTK\Src\DualPostProcess.cpp">
      <Filter>Source Files</Filter>
    </ClCompile>
    <ClCompile Include="ExternalLibs\DirectXTK\Src\DualTextureEffect.cpp">
      <Filter>Source Files</Filter>
    </ClCompile>
    <ClCompile Include="ExternalLibs\DirectXTK\Src\EffectCommon.cpp">
      <Filter>Source Files</Filter>
    </ClCompile>
    <ClCompile Include="ExternalLibs\DirectXTK\Src\EffectFactory.cpp">
      <Filter>Source Files</Filter>
    </ClCompile>
    <ClCompile Include="ExternalLibs\DirectXTK\Src\EffectPipelineStateDescription.cpp">
      <Filter>Source Files</Filter>
    </ClCompile>
    <ClCompile Include="ExternalLibs\DirectXTK\Src\EffectTextureFactory.cpp">
      <Filter>Source Files</Filter>
    </ClCompile>
    <ClCompile Include="ExternalLibs\DirectXTK\Src\EnvironmentMapEffect.cpp">
      <Filter>Source Files</Filter>
    </ClCompile>
    <ClCompile Include="ExternalLibs\DirectXTK\Src\GamePad.cpp">
      <Filter>Source Files</Filter>
    </ClCompile>
    <ClCompile Include="ExternalLibs\DirectXTK\Src\GeometricPrimitive.cpp">
      <Filter>Source Files</Filter>
    </ClCompile>
    <ClCompile Include="ExternalLibs\DirectXTK\Src\Geometry.cpp">
      <Filter>Source Files</Filter>
    </ClCompile>
    <ClCompile Include="ExternalLibs\DirectXTK\Src\GraphicsMemory.cpp">
      <Filter>Source Files</Filter>
    </ClCompile>
    <ClCompile Include="ExternalLibs\DirectXTK\Src\Keyboard.cpp">
      <Filter>Source Files</Filter>
    </ClCompile>
    <ClCompile Include="ExternalLibs\DirectXTK\Src\LinearAllocator.cpp">
      <Filter>Source Files</Filter>
    </ClCompile>
    <ClCompile Include="ExternalLibs\DirectXTK\Src\Model.cpp">
      <Filter>Source Files</Filter>
    </ClCompile>
    <ClCompile Include="ExternalLibs\DirectXTK\Src\ModelLoadSDKMESH.cpp">
      <Filter>Source Files</Filter>
    </ClCompile>
    <ClCompile Include="ExternalLibs\DirectXTK\Src\ModelLoadVBO.cpp">
      <Filter>Source Files</Filter>
    </ClCompile>
    <ClCompile Include="ExternalLibs\DirectXTK\Src\Mouse.cpp">
      <Filter>Source Files</Filter>
    </ClCompile>
    <ClCompile Include="ExternalLibs\DirectXTK\Src\NormalMapEffect.cpp">
      <Filter>Source Files</Filter>
    </ClCompile>
    <ClCompile Include="ExternalLibs\DirectXTK\Src\PBREffect.cpp">
      <Filter>Source Files</Filter>
    </ClCompile>
    <ClCompile Include="ExternalLibs\DirectXTK\Src\PBREffectFactory.cpp">
      <Filter>Source Files</Filter>
    </ClCompile>
    <ClCompile Include="ExternalLibs\DirectXTK\Src\pch.cpp">
      <Filter>Source Files</Filter>
    </ClCompile>
    <ClCompile Include="ExternalLibs\DirectXTK\Src\PrimitiveBatch.cpp">
      <Filter>Source Files</Filter>
    </ClCompile>
    <ClCompile Include="ExternalLibs\DirectXTK\Src\ResourceUploadBatch.cpp">
      <Filter>Source Files</Filter>
    </ClCompile>
    <ClCompile Include="ExternalLibs\DirectXTK\Src\ScreenGrab.cpp">
      <Filter>Source Files</Filter>
    </ClCompile>
    <ClCompile Include="ExternalLibs\DirectXTK\Src\SimpleMath.cpp">
      <Filter>Source Files</Filter>
    </ClCompile>
    <ClCompile Include="ExternalLibs\DirectXTK\Src\SkinnedEffect.cpp">
      <Filter>Source Files</Filter>
    </ClCompile>
    <ClCompile Include="ExternalLibs\DirectXTK\Src\SpriteBatch.cpp">
      <Filter>Source Files</Filter>
    </ClCompile>
    <ClCompile Include="ExternalLibs\DirectXTK\Src\SpriteFont.cpp">
      <Filter>Source Files</Filter>
    </ClCompile>
    <ClCompile Include="ExternalLibs\DirectXTK\Src\ToneMapPostProcess.cpp">
      <Filter>Source Files</Filter>
    </ClCompile>
    <ClCompile Include="ExternalLibs\DirectXTK\Src\VertexTypes.cpp">
      <Filter>Source Files</Filter>
    </ClCompile>
    <ClCompile Include="Source\Leaf-Drop\Objects\Texture.cpp">
      <Filter>Source Files</Filter>
    </ClCompile>
    <ClCompile Include="Source\Leaf-Drop\Wrappers\DepthBuffer.cpp">
      <Filter>Source Files</Filter>
    </ClCompile>
    <ClCompile Include="Source\Leaf-Drop\Objects\Camera.cpp">
      <Filter>Source Files</Filter>
    </ClCompile>
    <ClCompile Include="Source\Leaf-Drop\Passes\DeferredPass.cpp">
      <Filter>Source Files</Filter>
    </ClCompile>
    <ClCompile Include="Source\Leaf-Drop\Passes\ComputePass.cpp">
      <Filter>Source Files</Filter>
    </ClCompile>
    <ClCompile Include="Source\Leaf-Drop\Wrappers\UAV.cpp">
      <Filter>Source Files</Filter>
    </ClCompile>
    <ClCompile Include="Source\Leaf-Drop\Wrappers\ShaderResource.cpp">
      <Filter>Source Files</Filter>
    </ClCompile>
    <ClCompile Include="Source\Leaf-Drop\Wrappers\Fence.cpp">
      <Filter>Source Files</Filter>
    </ClCompile>
    <ClCompile Include="Source\Leaf-Drop\Objects\Lights\Template\ILight.cpp">
      <Filter>Source Files</Filter>
    </ClCompile>
    <ClCompile Include="Source\Leaf-Drop\Objects\Lights\DirectionalLight.cpp">
      <Filter>Source Files</Filter>
    </ClCompile>
    <ClCompile Include="Source\Leaf-Drop\Objects\Lights\PointLight.cpp">
      <Filter>Source Files</Filter>
    </ClCompile>
    <ClCompile Include="Source\Leaf-Drop\Wrappers\GpuTimer.cpp">
      <Filter>Source Files</Filter>
    </ClCompile>
    <ClCompile Include="Source\Leaf-Drop\Wrappers\TextureAtlas.cpp">
      <Filter>Source Files</Filter>
    </ClCompile>
    <ClCompile Include="Source\Leaf-Drop\Passes\PrePass.cpp">
      <Filter>Source Files</Filter>
    </ClCompile>
    <ClCompile Include="Source\Leaf-Drop\Objects\OcTree.cpp">
      <Filter>Source Files</Filter>
    </ClCompile>
    <ClCompile Include="Source\Leaf-Drop\Wrappers\CPUBuffer.cpp">
      <Filter>Source Files</Filter>
    </ClCompile>
    <ClCompile Include="Source\Leaf-Drop\Wrappers\CpuTimer.cpp">
      <Filter>Source Files</Filter>
    </ClCompile>
    <ClCompile Include="Source\Leaf-Drop\Passes\UpdatePass.cpp">
      <Filter>Source Files</Filter>
    </ClCompile>
    <ClCompile Include="Source\Leaf-Drop\Passes\RayDefinePass.cpp">
      <Filter>Source Files</Filter>
    </ClCompile>
    <ClCompile Include="Source\Leaf-Drop\Utillity\GpuTimer2.cpp">
      <Filter>Source Files</Filter>
    </ClCompile>
  </ItemGroup>
  <ItemGroup>
    <None Include="ExternalLibs\EASTL\include\EAMain\EAEntryPointMain.inl">
      <Filter>Header Files</Filter>
    </None>
    <None Include="ExternalLibs\AssImp\include\assimp\color4.inl">
      <Filter>Header Files</Filter>
    </None>
    <None Include="ExternalLibs\AssImp\include\assimp\material.inl">
      <Filter>Header Files</Filter>
    </None>
    <None Include="ExternalLibs\AssImp\include\assimp\matrix3x3.inl">
      <Filter>Header Files</Filter>
    </None>
    <None Include="ExternalLibs\AssImp\include\assimp\matrix4x4.inl">
      <Filter>Header Files</Filter>
    </None>
    <None Include="ExternalLibs\AssImp\include\assimp\quaternion.inl">
      <Filter>Header Files</Filter>
    </None>
    <None Include="ExternalLibs\AssImp\include\assimp\vector2.inl">
      <Filter>Header Files</Filter>
    </None>
    <None Include="ExternalLibs\AssImp\include\assimp\vector3.inl">
      <Filter>Header Files</Filter>
    </None>
    <None Include="ExternalLibs\DirectXTK\Inc\SimpleMath.inl">
      <Filter>Header Files</Filter>
    </None>
    <None Include="ExternalLibs\DirectXTK\Src\Shaders\Compiled\AlphaTestEffect_PSAlphaTestEqNe.inc">
      <Filter>Header Files</Filter>
    </None>
    <None Include="ExternalLibs\DirectXTK\Src\Shaders\Compiled\AlphaTestEffect_PSAlphaTestEqNeNoFog.inc">
      <Filter>Header Files</Filter>
    </None>
    <None Include="ExternalLibs\DirectXTK\Src\Shaders\Compiled\AlphaTestEffect_PSAlphaTestLtGt.inc">
      <Filter>Header Files</Filter>
    </None>
    <None Include="ExternalLibs\DirectXTK\Src\Shaders\Compiled\AlphaTestEffect_PSAlphaTestLtGtNoFog.inc">
      <Filter>Header Files</Filter>
    </None>
    <None Include="ExternalLibs\DirectXTK\Src\Shaders\Compiled\AlphaTestEffect_VSAlphaTest.inc">
      <Filter>Header Files</Filter>
    </None>
    <None Include="ExternalLibs\DirectXTK\Src\Shaders\Compiled\AlphaTestEffect_VSAlphaTestNoFog.inc">
      <Filter>Header Files</Filter>
    </None>
    <None Include="ExternalLibs\DirectXTK\Src\Shaders\Compiled\AlphaTestEffect_VSAlphaTestVc.inc">
      <Filter>Header Files</Filter>
    </None>
    <None Include="ExternalLibs\DirectXTK\Src\Shaders\Compiled\AlphaTestEffect_VSAlphaTestVcNoFog.inc">
      <Filter>Header Files</Filter>
    </None>
    <None Include="ExternalLibs\DirectXTK\Src\Shaders\Compiled\BasicEffect_PSBasic.inc">
      <Filter>Header Files</Filter>
    </None>
    <None Include="ExternalLibs\DirectXTK\Src\Shaders\Compiled\BasicEffect_PSBasicNoFog.inc">
      <Filter>Header Files</Filter>
    </None>
    <None Include="ExternalLibs\DirectXTK\Src\Shaders\Compiled\BasicEffect_PSBasicPixelLighting.inc">
      <Filter>Header Files</Filter>
    </None>
    <None Include="ExternalLibs\DirectXTK\Src\Shaders\Compiled\BasicEffect_PSBasicPixelLightingTx.inc">
      <Filter>Header Files</Filter>
    </None>
    <None Include="ExternalLibs\DirectXTK\Src\Shaders\Compiled\BasicEffect_PSBasicTx.inc">
      <Filter>Header Files</Filter>
    </None>
    <None Include="ExternalLibs\DirectXTK\Src\Shaders\Compiled\BasicEffect_PSBasicTxNoFog.inc">
      <Filter>Header Files</Filter>
    </None>
    <None Include="ExternalLibs\DirectXTK\Src\Shaders\Compiled\BasicEffect_PSBasicVertexLighting.inc">
      <Filter>Header Files</Filter>
    </None>
    <None Include="ExternalLibs\DirectXTK\Src\Shaders\Compiled\BasicEffect_PSBasicVertexLightingNoFog.inc">
      <Filter>Header Files</Filter>
    </None>
    <None Include="ExternalLibs\DirectXTK\Src\Shaders\Compiled\BasicEffect_PSBasicVertexLightingTx.inc">
      <Filter>Header Files</Filter>
    </None>
    <None Include="ExternalLibs\DirectXTK\Src\Shaders\Compiled\BasicEffect_PSBasicVertexLightingTxNoFog.inc">
      <Filter>Header Files</Filter>
    </None>
    <None Include="ExternalLibs\DirectXTK\Src\Shaders\Compiled\BasicEffect_VSBasic.inc">
      <Filter>Header Files</Filter>
    </None>
    <None Include="ExternalLibs\DirectXTK\Src\Shaders\Compiled\BasicEffect_VSBasicNoFog.inc">
      <Filter>Header Files</Filter>
    </None>
    <None Include="ExternalLibs\DirectXTK\Src\Shaders\Compiled\BasicEffect_VSBasicPixelLighting.inc">
      <Filter>Header Files</Filter>
    </None>
    <None Include="ExternalLibs\DirectXTK\Src\Shaders\Compiled\BasicEffect_VSBasicPixelLightingBn.inc">
      <Filter>Header Files</Filter>
    </None>
    <None Include="ExternalLibs\DirectXTK\Src\Shaders\Compiled\BasicEffect_VSBasicPixelLightingTx.inc">
      <Filter>Header Files</Filter>
    </None>
    <None Include="ExternalLibs\DirectXTK\Src\Shaders\Compiled\BasicEffect_VSBasicPixelLightingTxBn.inc">
      <Filter>Header Files</Filter>
    </None>
    <None Include="ExternalLibs\DirectXTK\Src\Shaders\Compiled\BasicEffect_VSBasicPixelLightingTxVc.inc">
      <Filter>Header Files</Filter>
    </None>
    <None Include="ExternalLibs\DirectXTK\Src\Shaders\Compiled\BasicEffect_VSBasicPixelLightingTxVcBn.inc">
      <Filter>Header Files</Filter>
    </None>
    <None Include="ExternalLibs\DirectXTK\Src\Shaders\Compiled\BasicEffect_VSBasicPixelLightingVc.inc">
      <Filter>Header Files</Filter>
    </None>
    <None Include="ExternalLibs\DirectXTK\Src\Shaders\Compiled\BasicEffect_VSBasicPixelLightingVcBn.inc">
      <Filter>Header Files</Filter>
    </None>
    <None Include="ExternalLibs\DirectXTK\Src\Shaders\Compiled\BasicEffect_VSBasicTx.inc">
      <Filter>Header Files</Filter>
    </None>
    <None Include="ExternalLibs\DirectXTK\Src\Shaders\Compiled\BasicEffect_VSBasicTxNoFog.inc">
      <Filter>Header Files</Filter>
    </None>
    <None Include="ExternalLibs\DirectXTK\Src\Shaders\Compiled\BasicEffect_VSBasicTxVc.inc">
      <Filter>Header Files</Filter>
    </None>
    <None Include="ExternalLibs\DirectXTK\Src\Shaders\Compiled\BasicEffect_VSBasicTxVcNoFog.inc">
      <Filter>Header Files</Filter>
    </None>
    <None Include="ExternalLibs\DirectXTK\Src\Shaders\Compiled\BasicEffect_VSBasicVc.inc">
      <Filter>Header Files</Filter>
    </None>
    <None Include="ExternalLibs\DirectXTK\Src\Shaders\Compiled\BasicEffect_VSBasicVcNoFog.inc">
      <Filter>Header Files</Filter>
    </None>
    <None Include="ExternalLibs\DirectXTK\Src\Shaders\Compiled\BasicEffect_VSBasicVertexLighting.inc">
      <Filter>Header Files</Filter>
    </None>
    <None Include="ExternalLibs\DirectXTK\Src\Shaders\Compiled\BasicEffect_VSBasicVertexLightingBn.inc">
      <Filter>Header Files</Filter>
    </None>
    <None Include="ExternalLibs\DirectXTK\Src\Shaders\Compiled\BasicEffect_VSBasicVertexLightingTx.inc">
      <Filter>Header Files</Filter>
    </None>
    <None Include="ExternalLibs\DirectXTK\Src\Shaders\Compiled\BasicEffect_VSBasicVertexLightingTxBn.inc">
      <Filter>Header Files</Filter>
    </None>
    <None Include="ExternalLibs\DirectXTK\Src\Shaders\Compiled\BasicEffect_VSBasicVertexLightingTxVc.inc">
      <Filter>Header Files</Filter>
    </None>
    <None Include="ExternalLibs\DirectXTK\Src\Shaders\Compiled\BasicEffect_VSBasicVertexLightingTxVcBn.inc">
      <Filter>Header Files</Filter>
    </None>
    <None Include="ExternalLibs\DirectXTK\Src\Shaders\Compiled\BasicEffect_VSBasicVertexLightingVc.inc">
      <Filter>Header Files</Filter>
    </None>
    <None Include="ExternalLibs\DirectXTK\Src\Shaders\Compiled\BasicEffect_VSBasicVertexLightingVcBn.inc">
      <Filter>Header Files</Filter>
    </None>
    <None Include="ExternalLibs\DirectXTK\Src\Shaders\Compiled\DebugEffect_PSHemiAmbient.inc">
      <Filter>Header Files</Filter>
    </None>
    <None Include="ExternalLibs\DirectXTK\Src\Shaders\Compiled\DebugEffect_PSRGBBiTangents.inc">
      <Filter>Header Files</Filter>
    </None>
    <None Include="ExternalLibs\DirectXTK\Src\Shaders\Compiled\DebugEffect_PSRGBNormals.inc">
      <Filter>Header Files</Filter>
    </None>
    <None Include="ExternalLibs\DirectXTK\Src\Shaders\Compiled\DebugEffect_PSRGBTangents.inc">
      <Filter>Header Files</Filter>
    </None>
    <None Include="ExternalLibs\DirectXTK\Src\Shaders\Compiled\DebugEffect_VSDebug.inc">
      <Filter>Header Files</Filter>
    </None>
    <None Include="ExternalLibs\DirectXTK\Src\Shaders\Compiled\DebugEffect_VSDebugBn.inc">
      <Filter>Header Files</Filter>
    </None>
    <None Include="ExternalLibs\DirectXTK\Src\Shaders\Compiled\DebugEffect_VSDebugVc.inc">
      <Filter>Header Files</Filter>
    </None>
    <None Include="ExternalLibs\DirectXTK\Src\Shaders\Compiled\DebugEffect_VSDebugVcBn.inc">
      <Filter>Header Files</Filter>
    </None>
    <None Include="ExternalLibs\DirectXTK\Src\Shaders\Compiled\DualTextureEffect_PSDualTexture.inc">
      <Filter>Header Files</Filter>
    </None>
    <None Include="ExternalLibs\DirectXTK\Src\Shaders\Compiled\DualTextureEffect_PSDualTextureNoFog.inc">
      <Filter>Header Files</Filter>
    </None>
    <None Include="ExternalLibs\DirectXTK\Src\Shaders\Compiled\DualTextureEffect_VSDualTexture.inc">
      <Filter>Header Files</Filter>
    </None>
    <None Include="ExternalLibs\DirectXTK\Src\Shaders\Compiled\DualTextureEffect_VSDualTextureNoFog.inc">
      <Filter>Header Files</Filter>
    </None>
    <None Include="ExternalLibs\DirectXTK\Src\Shaders\Compiled\DualTextureEffect_VSDualTextureVc.inc">
      <Filter>Header Files</Filter>
    </None>
    <None Include="ExternalLibs\DirectXTK\Src\Shaders\Compiled\DualTextureEffect_VSDualTextureVcNoFog.inc">
      <Filter>Header Files</Filter>
    </None>
    <None Include="ExternalLibs\DirectXTK\Src\Shaders\Compiled\EnvironmentMapEffect_PSEnvMap.inc">
      <Filter>Header Files</Filter>
    </None>
    <None Include="ExternalLibs\DirectXTK\Src\Shaders\Compiled\EnvironmentMapEffect_PSEnvMapNoFog.inc">
      <Filter>Header Files</Filter>
    </None>
    <None Include="ExternalLibs\DirectXTK\Src\Shaders\Compiled\EnvironmentMapEffect_PSEnvMapPixelLighting.inc">
      <Filter>Header Files</Filter>
    </None>
    <None Include="ExternalLibs\DirectXTK\Src\Shaders\Compiled\EnvironmentMapEffect_PSEnvMapPixelLightingFresnel.inc">
      <Filter>Header Files</Filter>
    </None>
    <None Include="ExternalLibs\DirectXTK\Src\Shaders\Compiled\EnvironmentMapEffect_PSEnvMapPixelLightingFresnelNoFog.inc">
      <Filter>Header Files</Filter>
    </None>
    <None Include="ExternalLibs\DirectXTK\Src\Shaders\Compiled\EnvironmentMapEffect_PSEnvMapPixelLightingNoFog.inc">
      <Filter>Header Files</Filter>
    </None>
    <None Include="ExternalLibs\DirectXTK\Src\Shaders\Compiled\EnvironmentMapEffect_PSEnvMapSpecular.inc">
      <Filter>Header Files</Filter>
    </None>
    <None Include="ExternalLibs\DirectXTK\Src\Shaders\Compiled\EnvironmentMapEffect_PSEnvMapSpecularNoFog.inc">
      <Filter>Header Files</Filter>
    </None>
    <None Include="ExternalLibs\DirectXTK\Src\Shaders\Compiled\EnvironmentMapEffect_VSEnvMap.inc">
      <Filter>Header Files</Filter>
    </None>
    <None Include="ExternalLibs\DirectXTK\Src\Shaders\Compiled\EnvironmentMapEffect_VSEnvMapBn.inc">
      <Filter>Header Files</Filter>
    </None>
    <None Include="ExternalLibs\DirectXTK\Src\Shaders\Compiled\EnvironmentMapEffect_VSEnvMapFresnel.inc">
      <Filter>Header Files</Filter>
    </None>
    <None Include="ExternalLibs\DirectXTK\Src\Shaders\Compiled\EnvironmentMapEffect_VSEnvMapFresnelBn.inc">
      <Filter>Header Files</Filter>
    </None>
    <None Include="ExternalLibs\DirectXTK\Src\Shaders\Compiled\EnvironmentMapEffect_VSEnvMapPixelLighting.inc">
      <Filter>Header Files</Filter>
    </None>
    <None Include="ExternalLibs\DirectXTK\Src\Shaders\Compiled\EnvironmentMapEffect_VSEnvMapPixelLightingBn.inc">
      <Filter>Header Files</Filter>
    </None>
    <None Include="ExternalLibs\DirectXTK\Src\Shaders\Compiled\GenerateMips_main.inc">
      <Filter>Header Files</Filter>
    </None>
    <None Include="ExternalLibs\DirectXTK\Src\Shaders\Compiled\NormalMapEffect_PSNormalPixelLightingTx.inc">
      <Filter>Header Files</Filter>
    </None>
    <None Include="ExternalLibs\DirectXTK\Src\Shaders\Compiled\NormalMapEffect_PSNormalPixelLightingTxNoFog.inc">
      <Filter>Header Files</Filter>
    </None>
    <None Include="ExternalLibs\DirectXTK\Src\Shaders\Compiled\NormalMapEffect_PSNormalPixelLightingTxNoFogSpec.inc">
      <Filter>Header Files</Filter>
    </None>
    <None Include="ExternalLibs\DirectXTK\Src\Shaders\Compiled\NormalMapEffect_PSNormalPixelLightingTxNoSpec.inc">
      <Filter>Header Files</Filter>
    </None>
    <None Include="ExternalLibs\DirectXTK\Src\Shaders\Compiled\NormalMapEffect_VSNormalPixelLightingTx.inc">
      <Filter>Header Files</Filter>
    </None>
    <None Include="ExternalLibs\DirectXTK\Src\Shaders\Compiled\NormalMapEffect_VSNormalPixelLightingTxBn.inc">
      <Filter>Header Files</Filter>
    </None>
    <None Include="ExternalLibs\DirectXTK\Src\Shaders\Compiled\NormalMapEffect_VSNormalPixelLightingTxNoSpec.inc">
      <Filter>Header Files</Filter>
    </None>
    <None Include="ExternalLibs\DirectXTK\Src\Shaders\Compiled\NormalMapEffect_VSNormalPixelLightingTxNoSpecBn.inc">
      <Filter>Header Files</Filter>
    </None>
    <None Include="ExternalLibs\DirectXTK\Src\Shaders\Compiled\NormalMapEffect_VSNormalPixelLightingTxVc.inc">
      <Filter>Header Files</Filter>
    </None>
    <None Include="ExternalLibs\DirectXTK\Src\Shaders\Compiled\NormalMapEffect_VSNormalPixelLightingTxVcBn.inc">
      <Filter>Header Files</Filter>
    </None>
    <None Include="ExternalLibs\DirectXTK\Src\Shaders\Compiled\NormalMapEffect_VSNormalPixelLightingTxVcNoSpec.inc">
      <Filter>Header Files</Filter>
    </None>
    <None Include="ExternalLibs\DirectXTK\Src\Shaders\Compiled\NormalMapEffect_VSNormalPixelLightingTxVcNoSpecBn.inc">
      <Filter>Header Files</Filter>
    </None>
    <None Include="ExternalLibs\DirectXTK\Src\Shaders\Compiled\PBREffect_PSConstant.inc">
      <Filter>Header Files</Filter>
    </None>
    <None Include="ExternalLibs\DirectXTK\Src\Shaders\Compiled\PBREffect_PSTextured.inc">
      <Filter>Header Files</Filter>
    </None>
    <None Include="ExternalLibs\DirectXTK\Src\Shaders\Compiled\PBREffect_PSTexturedEmissive.inc">
      <Filter>Header Files</Filter>
    </None>
    <None Include="ExternalLibs\DirectXTK\Src\Shaders\Compiled\PBREffect_PSTexturedEmissiveVelocity.inc">
      <Filter>Header Files</Filter>
    </None>
    <None Include="ExternalLibs\DirectXTK\Src\Shaders\Compiled\PBREffect_PSTexturedVelocity.inc">
      <Filter>Header Files</Filter>
    </None>
    <None Include="ExternalLibs\DirectXTK\Src\Shaders\Compiled\PBREffect_VSConstant.inc">
      <Filter>Header Files</Filter>
    </None>
    <None Include="ExternalLibs\DirectXTK\Src\Shaders\Compiled\PBREffect_VSConstantBn.inc">
      <Filter>Header Files</Filter>
    </None>
    <None Include="ExternalLibs\DirectXTK\Src\Shaders\Compiled\PBREffect_VSConstantVelocity.inc">
      <Filter>Header Files</Filter>
    </None>
    <None Include="ExternalLibs\DirectXTK\Src\Shaders\Compiled\PBREffect_VSConstantVelocityBn.inc">
      <Filter>Header Files</Filter>
    </None>
    <None Include="ExternalLibs\DirectXTK\Src\Shaders\Compiled\PostProcess_PSBloomBlur.inc">
      <Filter>Header Files</Filter>
    </None>
    <None Include="ExternalLibs\DirectXTK\Src\Shaders\Compiled\PostProcess_PSBloomCombine.inc">
      <Filter>Header Files</Filter>
    </None>
    <None Include="ExternalLibs\DirectXTK\Src\Shaders\Compiled\PostProcess_PSBloomExtract.inc">
      <Filter>Header Files</Filter>
    </None>
    <None Include="ExternalLibs\DirectXTK\Src\Shaders\Compiled\PostProcess_PSCopy.inc">
      <Filter>Header Files</Filter>
    </None>
    <None Include="ExternalLibs\DirectXTK\Src\Shaders\Compiled\PostProcess_PSDownScale2x2.inc">
      <Filter>Header Files</Filter>
    </None>
    <None Include="ExternalLibs\DirectXTK\Src\Shaders\Compiled\PostProcess_PSDownScale4x4.inc">
      <Filter>Header Files</Filter>
    </None>
    <None Include="ExternalLibs\DirectXTK\Src\Shaders\Compiled\PostProcess_PSGaussianBlur5x5.inc">
      <Filter>Header Files</Filter>
    </None>
    <None Include="ExternalLibs\DirectXTK\Src\Shaders\Compiled\PostProcess_PSMerge.inc">
      <Filter>Header Files</Filter>
    </None>
    <None Include="ExternalLibs\DirectXTK\Src\Shaders\Compiled\PostProcess_PSMonochrome.inc">
      <Filter>Header Files</Filter>
    </None>
    <None Include="ExternalLibs\DirectXTK\Src\Shaders\Compiled\PostProcess_PSSepia.inc">
      <Filter>Header Files</Filter>
    </None>
    <None Include="ExternalLibs\DirectXTK\Src\Shaders\Compiled\PostProcess_VSQuad.inc">
      <Filter>Header Files</Filter>
    </None>
    <None Include="ExternalLibs\DirectXTK\Src\Shaders\Compiled\PostProcess_VSQuadDual.inc">
      <Filter>Header Files</Filter>
    </None>
    <None Include="ExternalLibs\DirectXTK\Src\Shaders\Compiled\PostProcess_VSQuadNoCB.inc">
      <Filter>Header Files</Filter>
    </None>
    <None Include="ExternalLibs\DirectXTK\Src\Shaders\Compiled\SkinnedEffect_PSSkinnedPixelLighting.inc">
      <Filter>Header Files</Filter>
    </None>
    <None Include="ExternalLibs\DirectXTK\Src\Shaders\Compiled\SkinnedEffect_PSSkinnedVertexLighting.inc">
      <Filter>Header Files</Filter>
    </None>
    <None Include="ExternalLibs\DirectXTK\Src\Shaders\Compiled\SkinnedEffect_PSSkinnedVertexLightingNoFog.inc">
      <Filter>Header Files</Filter>
    </None>
    <None Include="ExternalLibs\DirectXTK\Src\Shaders\Compiled\SkinnedEffect_VSSkinnedPixelLightingFourBones.inc">
      <Filter>Header Files</Filter>
    </None>
    <None Include="ExternalLibs\DirectXTK\Src\Shaders\Compiled\SkinnedEffect_VSSkinnedPixelLightingFourBonesBn.inc">
      <Filter>Header Files</Filter>
    </None>
    <None Include="ExternalLibs\DirectXTK\Src\Shaders\Compiled\SkinnedEffect_VSSkinnedPixelLightingOneBone.inc">
      <Filter>Header Files</Filter>
    </None>
    <None Include="ExternalLibs\DirectXTK\Src\Shaders\Compiled\SkinnedEffect_VSSkinnedPixelLightingOneBoneBn.inc">
      <Filter>Header Files</Filter>
    </None>
    <None Include="ExternalLibs\DirectXTK\Src\Shaders\Compiled\SkinnedEffect_VSSkinnedPixelLightingTwoBones.inc">
      <Filter>Header Files</Filter>
    </None>
    <None Include="ExternalLibs\DirectXTK\Src\Shaders\Compiled\SkinnedEffect_VSSkinnedPixelLightingTwoBonesBn.inc">
      <Filter>Header Files</Filter>
    </None>
    <None Include="ExternalLibs\DirectXTK\Src\Shaders\Compiled\SkinnedEffect_VSSkinnedVertexLightingFourBones.inc">
      <Filter>Header Files</Filter>
    </None>
    <None Include="ExternalLibs\DirectXTK\Src\Shaders\Compiled\SkinnedEffect_VSSkinnedVertexLightingFourBonesBn.inc">
      <Filter>Header Files</Filter>
    </None>
    <None Include="ExternalLibs\DirectXTK\Src\Shaders\Compiled\SkinnedEffect_VSSkinnedVertexLightingOneBone.inc">
      <Filter>Header Files</Filter>
    </None>
    <None Include="ExternalLibs\DirectXTK\Src\Shaders\Compiled\SkinnedEffect_VSSkinnedVertexLightingOneBoneBn.inc">
      <Filter>Header Files</Filter>
    </None>
    <None Include="ExternalLibs\DirectXTK\Src\Shaders\Compiled\SkinnedEffect_VSSkinnedVertexLightingTwoBones.inc">
      <Filter>Header Files</Filter>
    </None>
    <None Include="ExternalLibs\DirectXTK\Src\Shaders\Compiled\SkinnedEffect_VSSkinnedVertexLightingTwoBonesBn.inc">
      <Filter>Header Files</Filter>
    </None>
    <None Include="ExternalLibs\DirectXTK\Src\Shaders\Compiled\SpriteEffect_SpritePixelShader.inc">
      <Filter>Header Files</Filter>
    </None>
    <None Include="ExternalLibs\DirectXTK\Src\Shaders\Compiled\SpriteEffect_SpritePixelShaderHeap.inc">
      <Filter>Header Files</Filter>
    </None>
    <None Include="ExternalLibs\DirectXTK\Src\Shaders\Compiled\SpriteEffect_SpriteVertexShader.inc">
      <Filter>Header Files</Filter>
    </None>
    <None Include="ExternalLibs\DirectXTK\Src\Shaders\Compiled\SpriteEffect_SpriteVertexShaderHeap.inc">
      <Filter>Header Files</Filter>
    </None>
    <None Include="ExternalLibs\DirectXTK\Src\Shaders\Compiled\ToneMap_PS_SRGB.inc">
      <Filter>Header Files</Filter>
    </None>
    <None Include="ExternalLibs\DirectXTK\Src\Shaders\Compiled\ToneMap_PSACESFilmic.inc">
      <Filter>Header Files</Filter>
    </None>
    <None Include="ExternalLibs\DirectXTK\Src\Shaders\Compiled\ToneMap_PSACESFilmic_SRGB.inc">
      <Filter>Header Files</Filter>
    </None>
    <None Include="ExternalLibs\DirectXTK\Src\Shaders\Compiled\ToneMap_PSCopy.inc">
      <Filter>Header Files</Filter>
    </None>
    <None Include="ExternalLibs\DirectXTK\Src\Shaders\Compiled\ToneMap_PSHDR10.inc">
      <Filter>Header Files</Filter>
    </None>
    <None Include="ExternalLibs\DirectXTK\Src\Shaders\Compiled\ToneMap_PSReinhard.inc">
      <Filter>Header Files</Filter>
    </None>
    <None Include="ExternalLibs\DirectXTK\Src\Shaders\Compiled\ToneMap_PSReinhard_SRGB.inc">
      <Filter>Header Files</Filter>
    </None>
    <None Include="ExternalLibs\DirectXTK\Src\Shaders\Compiled\ToneMap_PSSaturate.inc">
      <Filter>Header Files</Filter>
    </None>
    <None Include="ExternalLibs\DirectXTK\Src\Shaders\Compiled\ToneMap_PSSaturate_SRGB.inc">
      <Filter>Header Files</Filter>
    </None>
    <None Include="ExternalLibs\DirectXTK\Src\Shaders\Compiled\ToneMap_VSQuad.inc">
      <Filter>Header Files</Filter>
    </None>
    <None Include="ExternalLibs\DirectXTK\Src\TeapotData.inc">
      <Filter>Header Files</Filter>
    </None>
    <None Include="Source\Leaf-Drop\Shaders\LightCalculations.hlsli" />
  </ItemGroup>
  <ItemGroup>
    <FxCompile Include="Source\Leaf-Drop\Shaders\GeometryPass\DefaultGeometryVertex.hlsl" />
    <FxCompile Include="Source\Leaf-Drop\Shaders\DeferredPass\DefaultDeferredPixel.hlsl" />
    <FxCompile Include="Source\Leaf-Drop\Shaders\DeferredPass\DefaultDeferredVertex.hlsl" />
    <FxCompile Include="Source\Leaf-Drop\Shaders\ComputePass\DefaultComputeShader.hlsl" />
    <FxCompile Include="Source\Leaf-Drop\Shaders\GeometryPass\DefaultGeometryPixel.hlsl" />
    <FxCompile Include="Source\Leaf-Drop\Shaders\PrePass\PrePassVertex.hlsl" />
    <FxCompile Include="Source\Leaf-Drop\Shaders\RayDefinePass\DefaultRayDefine.hlsl" />
    <FxCompile Include="Source\Leaf-Drop\Shaders\PrePass\DefaultPrePassPixel.hlsl" />
  </ItemGroup>
</Project>